
Microsoft Visual Studio Solution File, Format Version 12.00
# Visual Studio Version 17
VisualStudioVersion = 17.0.31903.59
MinimumVisualStudioVersion = 10.0.40219.1
Project("{2150E333-8FDC-42A3-9474-1A3956D46DE8}") = "src", "src", "{A1F8E9C1-0B2C-4D5E-9F3A-8B7C6D5E4F3A}"
EndProject
Project("{2150E333-8FDC-42A3-9474-1A3956D46DE8}") = "tests", "tests", "{00000000-0000-0000-0000-000000000000}"
EndProject
Project("{FAE04EC0-301F-11D3-BF4B-00C04F79EFBC}") = "Yuki.Blog.Api", "src\Yuki.Blog.Api\Yuki.Blog.Api.csproj", "{4191C049-8FC8-4315-B397-38F020468F5D}"
EndProject
Project("{FAE04EC0-301F-11D3-BF4B-00C04F79EFBC}") = "Yuki.Blog.Infrastructure", "src\Yuki.Blog.Infrastructure\Yuki.Blog.Infrastructure.csproj", "{1661823B-B6AB-427C-96FB-B41BDCE17484}"
EndProject
Project("{FAE04EC0-301F-11D3-BF4B-00C04F79EFBC}") = "Yuki.Blog.Application", "src\Yuki.Blog.Application\Yuki.Blog.Application.csproj", "{5AD18F86-7951-47C8-8D04-99C1347C38BB}"
EndProject
Project("{FAE04EC0-301F-11D3-BF4B-00C04F79EFBC}") = "Yuki.Blog.Domain", "src\Yuki.Blog.Domain\Yuki.Blog.Domain.csproj", "{0543B15C-2198-4680-B181-AB2AC6D5A74C}"
EndProject
Project("{FAE04EC0-301F-11D3-BF4B-00C04F79EFBC}") = "Yuki.Blog.Api.E2ETests", "tests\Yuki.Blog.Api.E2ETests\Yuki.Blog.Api.E2ETests.csproj", "{8CF3527E-6F56-4B41-A49D-72A74AEBFEFE}"
EndProject
Project("{FAE04EC0-301F-11D3-BF4B-00C04F79EFBC}") = "Yuki.Blog.Application.UnitTests", "tests\Yuki.Blog.Application.UnitTests\Yuki.Blog.Application.UnitTests.csproj", "{04D45FC7-0EE6-4380-ADED-38925D0C730B}"
EndProject
Project("{FAE04EC0-301F-11D3-BF4B-00C04F79EFBC}") = "Yuki.Blog.Domain.UnitTests", "tests\Yuki.Blog.Domain.UnitTests\Yuki.Blog.Domain.UnitTests.csproj", "{A8F5D7E0-B891-4D30-B9B4-F848286350F1}"
EndProject
Project("{FAE04EC0-301F-11D3-BF4B-00C04F79EFBC}") = "Yuki.Blog.Infrastructure.UnitTests", "tests\Yuki.Blog.Infrastructure.UnitTests\Yuki.Blog.Infrastructure.UnitTests.csproj", "{F0C408E5-A235-4775-A76C-77CE9D3FC671}"
EndProject
Project("{FAE04EC0-301F-11D3-BF4B-00C04F79EFBC}") = "Yuki.Blog.Sdk", "src\Yuki.Blog.Sdk\Yuki.Blog.Sdk.csproj", "{83B852CB-965C-46F1-831E-91D21F43132A}"
EndProject
Project("{FAE04EC0-301F-11D3-BF4B-00C04F79EFBC}") = "Yuki.Blog.Sdk.UnitTests", "tests\Yuki.Blog.Sdk.UnitTests\Yuki.Blog.Sdk.UnitTests.csproj", "{7576E72C-35A2-4004-A4E1-0E3E0B705E7B}"
EndProject
Global
	GlobalSection(SolutionConfigurationPlatforms) = preSolution
		Debug|Any CPU = Debug|Any CPU
		Release|Any CPU = Release|Any CPU
	EndGlobalSection
	GlobalSection(ProjectConfigurationPlatforms) = postSolution
		{4191C049-8FC8-4315-B397-38F020468F5D}.Debug|Any CPU.ActiveCfg = Debug|Any CPU
		{4191C049-8FC8-4315-B397-38F020468F5D}.Debug|Any CPU.Build.0 = Debug|Any CPU
		{4191C049-8FC8-4315-B397-38F020468F5D}.Release|Any CPU.ActiveCfg = Release|Any CPU
		{4191C049-8FC8-4315-B397-38F020468F5D}.Release|Any CPU.Build.0 = Release|Any CPU
		{1661823B-B6AB-427C-96FB-B41BDCE17484}.Debug|Any CPU.ActiveCfg = Debug|Any CPU
		{1661823B-B6AB-427C-96FB-B41BDCE17484}.Debug|Any CPU.Build.0 = Debug|Any CPU
		{1661823B-B6AB-427C-96FB-B41BDCE17484}.Release|Any CPU.ActiveCfg = Release|Any CPU
		{1661823B-B6AB-427C-96FB-B41BDCE17484}.Release|Any CPU.Build.0 = Release|Any CPU
		{5AD18F86-7951-47C8-8D04-99C1347C38BB}.Debug|Any CPU.ActiveCfg = Debug|Any CPU
		{5AD18F86-7951-47C8-8D04-99C1347C38BB}.Debug|Any CPU.Build.0 = Debug|Any CPU
		{5AD18F86-7951-47C8-8D04-99C1347C38BB}.Release|Any CPU.ActiveCfg = Release|Any CPU
		{5AD18F86-7951-47C8-8D04-99C1347C38BB}.Release|Any CPU.Build.0 = Release|Any CPU
		{0543B15C-2198-4680-B181-AB2AC6D5A74C}.Debug|Any CPU.ActiveCfg = Debug|Any CPU
		{0543B15C-2198-4680-B181-AB2AC6D5A74C}.Debug|Any CPU.Build.0 = Debug|Any CPU
		{0543B15C-2198-4680-B181-AB2AC6D5A74C}.Release|Any CPU.ActiveCfg = Release|Any CPU
		{0543B15C-2198-4680-B181-AB2AC6D5A74C}.Release|Any CPU.Build.0 = Release|Any CPU
		{8CF3527E-6F56-4B41-A49D-72A74AEBFEFE}.Debug|Any CPU.ActiveCfg = Debug|Any CPU
		{8CF3527E-6F56-4B41-A49D-72A74AEBFEFE}.Debug|Any CPU.Build.0 = Debug|Any CPU
		{8CF3527E-6F56-4B41-A49D-72A74AEBFEFE}.Release|Any CPU.ActiveCfg = Release|Any CPU
		{8CF3527E-6F56-4B41-A49D-72A74AEBFEFE}.Release|Any CPU.Build.0 = Release|Any CPU
		{04D45FC7-0EE6-4380-ADED-38925D0C730B}.Debug|Any CPU.ActiveCfg = Debug|Any CPU
		{04D45FC7-0EE6-4380-ADED-38925D0C730B}.Debug|Any CPU.Build.0 = Debug|Any CPU
		{04D45FC7-0EE6-4380-ADED-38925D0C730B}.Release|Any CPU.ActiveCfg = Release|Any CPU
		{04D45FC7-0EE6-4380-ADED-38925D0C730B}.Release|Any CPU.Build.0 = Release|Any CPU
		{A8F5D7E0-B891-4D30-B9B4-F848286350F1}.Debug|Any CPU.ActiveCfg = Debug|Any CPU
		{A8F5D7E0-B891-4D30-B9B4-F848286350F1}.Debug|Any CPU.Build.0 = Debug|Any CPU
		{A8F5D7E0-B891-4D30-B9B4-F848286350F1}.Release|Any CPU.ActiveCfg = Release|Any CPU
		{A8F5D7E0-B891-4D30-B9B4-F848286350F1}.Release|Any CPU.Build.0 = Release|Any CPU
		{F0C408E5-A235-4775-A76C-77CE9D3FC671}.Debug|Any CPU.ActiveCfg = Debug|Any CPU
		{F0C408E5-A235-4775-A76C-77CE9D3FC671}.Debug|Any CPU.Build.0 = Debug|Any CPU
		{F0C408E5-A235-4775-A76C-77CE9D3FC671}.Release|Any CPU.ActiveCfg = Release|Any CPU
		{F0C408E5-A235-4775-A76C-77CE9D3FC671}.Release|Any CPU.Build.0 = Release|Any CPU
		{83B852CB-965C-46F1-831E-91D21F43132A}.Debug|Any CPU.ActiveCfg = Debug|Any CPU
		{83B852CB-965C-46F1-831E-91D21F43132A}.Debug|Any CPU.Build.0 = Debug|Any CPU
		{83B852CB-965C-46F1-831E-91D21F43132A}.Release|Any CPU.ActiveCfg = Release|Any CPU
		{83B852CB-965C-46F1-831E-91D21F43132A}.Release|Any CPU.Build.0 = Release|Any CPU
		{7576E72C-35A2-4004-A4E1-0E3E0B705E7B}.Debug|Any CPU.ActiveCfg = Debug|Any CPU
		{7576E72C-35A2-4004-A4E1-0E3E0B705E7B}.Debug|Any CPU.Build.0 = Debug|Any CPU
		{7576E72C-35A2-4004-A4E1-0E3E0B705E7B}.Release|Any CPU.ActiveCfg = Release|Any CPU
		{7576E72C-35A2-4004-A4E1-0E3E0B705E7B}.Release|Any CPU.Build.0 = Release|Any CPU
	EndGlobalSection
	GlobalSection(NestedProjects) = preSolution
		{4191C049-8FC8-4315-B397-38F020468F5D} = {A1F8E9C1-0B2C-4D5E-9F3A-8B7C6D5E4F3A}
		{1661823B-B6AB-427C-96FB-B41BDCE17484} = {A1F8E9C1-0B2C-4D5E-9F3A-8B7C6D5E4F3A}
		{5AD18F86-7951-47C8-8D04-99C1347C38BB} = {A1F8E9C1-0B2C-4D5E-9F3A-8B7C6D5E4F3A}
		{0543B15C-2198-4680-B181-AB2AC6D5A74C} = {A1F8E9C1-0B2C-4D5E-9F3A-8B7C6D5E4F3A}
		{8CF3527E-6F56-4B41-A49D-72A74AEBFEFE} = {00000000-0000-0000-0000-000000000000}
		{04D45FC7-0EE6-4380-ADED-38925D0C730B} = {00000000-0000-0000-0000-000000000000}
		{A8F5D7E0-B891-4D30-B9B4-F848286350F1} = {00000000-0000-0000-0000-000000000000}
		{F0C408E5-A235-4775-A76C-77CE9D3FC671} = {00000000-0000-0000-0000-000000000000}
		{83B852CB-965C-46F1-831E-91D21F43132A} = {A1F8E9C1-0B2C-4D5E-9F3A-8B7C6D5E4F3A}
		{7576E72C-35A2-4004-A4E1-0E3E0B705E7B} = {00000000-0000-0000-0000-000000000000}
	EndGlobalSection
EndGlobal
